
Microsoft Visual Studio Solution File, Format Version 12.00
# Visual Studio Version 16
VisualStudioVersion = 16.0.28803.202
MinimumVisualStudioVersion = 10.0.40219.1
Project("{9A19103F-16F7-4668-BE54-9A1E7A4F7556}") = "TakHub", "app\TakHub\Server\TakHub.csproj", "{39CC82DB-F9FA-405D-914B-DC491F7408DB}"
EndProject
Project("{9A19103F-16F7-4668-BE54-9A1E7A4F7556}") = "TakHub.Infrastructure", "app\TakHub\Infrastructure\TakHub.Infrastructure.csproj", "{74275ABC-7ECB-4D67-AE1A-1BDBBE9D396E}"
EndProject
Project("{9A19103F-16F7-4668-BE54-9A1E7A4F7556}") = "TakHub.Core", "app\TakHub\Core\TakHub.Core.csproj", "{E1FB3417-036E-485B-ABF1-6ECC3124E6F9}"
EndProject
Project("{2150E333-8FDC-42A3-9474-1A3956D46DE8}") = "Test", "Test", "{DC62B07E-986B-4266-B540-1BFB3A022EA3}"
EndProject
Project("{9A19103F-16F7-4668-BE54-9A1E7A4F7556}") = "TakHub.Core.UnitTests", "test\TakHub.Core.UnitTests\TakHub.Core.UnitTests.csproj", "{DEFF157F-C17E-4164-8FF5-581B373C397A}"
EndProject
Project("{9A19103F-16F7-4668-BE54-9A1E7A4F7556}") = "TakHub.Infrastructure.UnitTests", "test\TakHub.Infrastructure.UnitTests\TakHub.Infrastructure.UnitTests.csproj", "{43E6F2AD-AA08-4ACA-9B76-A9DB63FA8F03}"
EndProject
Project("{9A19103F-16F7-4668-BE54-9A1E7A4F7556}") = "TakHub.IntegrationTests", "test\TakHub.IntegrationTests\TakHub.IntegrationTests.csproj", "{A79DF616-6858-4AD5-81AD-4DB80F94C673}"
EndProject
Project("{9A19103F-16F7-4668-BE54-9A1E7A4F7556}") = "TakEngine", "lib\Engine\Core\TakEngine.csproj", "{070A59ED-2E2E-4694-96F0-8FB60DCCD6CD}"
EndProject
Project("{9A19103F-16F7-4668-BE54-9A1E7A4F7556}") = "TakEngine.Actors", "lib\Engine\Actors\TakEngine.Actors.csproj", "{3D8F2427-ECB4-4B6F-A9C4-8D9BB278AE65}"
EndProject
Project("{9A19103F-16F7-4668-BE54-9A1E7A4F7556}") = "Interop.Client", "lib\Interop\Client\Interop.Client.csproj", "{0C22B787-3680-4617-8C7B-19858B0BDDC8}"
EndProject
Project("{9A19103F-16F7-4668-BE54-9A1E7A4F7556}") = "Interop.Shared", "lib\Interop\Shared\Interop.Shared.csproj", "{2FFAEC92-E58C-400C-8A02-87BA440826CB}"
EndProject
Project("{9A19103F-16F7-4668-BE54-9A1E7A4F7556}") = "WinTak", "app\WinTak\WinTak.csproj", "{899CEFCD-75E1-4C81-B0C2-6158A9670EF0}"
EndProject
Project("{930C7802-8A8C-48F9-8165-68863BCCD9DD}") = "WinTakSetup", "WinTakSetup\WinTakSetup.wixproj", "{50476625-EB62-46E3-AEFA-70C10E9E5488}"
EndProject
Project("{9A19103F-16F7-4668-BE54-9A1E7A4F7556}") = "ExperimentalTakAI", "lib\Engine\ExperimentalTakAI\ExperimentalTakAI.csproj", "{3FFA8F63-910E-44C2-A3B7-9212798AE932}"
EndProject
Project("{9A19103F-16F7-4668-BE54-9A1E7A4F7556}") = "TakTool", "app\TakTool\TakTool.csproj", "{6886788E-1588-4B23-8A1F-0F956BB87F40}"
	ProjectSection(ProjectDependencies) = postProject
		{070A59ED-2E2E-4694-96F0-8FB60DCCD6CD} = {070A59ED-2E2E-4694-96F0-8FB60DCCD6CD}
	EndProjectSection
EndProject
Project("{9A19103F-16F7-4668-BE54-9A1E7A4F7556}") = "TakEngine.IntegrationTests", "test\TakEngine.IntegrationTests\TakEngine.IntegrationTests.csproj", "{F3491445-D51F-4993-A72C-B9404B8465D2}"
EndProject
Project("{9A19103F-16F7-4668-BE54-9A1E7A4F7556}") = "ActorHost", "app\ActorHost\ActorHost.csproj", "{C5003FB6-B298-43E7-9373-B547D710D6FA}"
EndProject
Project("{9A19103F-16F7-4668-BE54-9A1E7A4F7556}") = "TakEngine.Management", "lib\Engine\Management\TakEngine.Management.csproj", "{74C3BB6D-DAE2-4394-94B7-FA9646C1F9E8}"
EndProject
Global
	GlobalSection(SolutionConfigurationPlatforms) = preSolution
		Debug|Any CPU = Debug|Any CPU
		Debug|x86 = Debug|x86
		Release|Any CPU = Release|Any CPU
		Release|x86 = Release|x86
	EndGlobalSection
	GlobalSection(ProjectConfigurationPlatforms) = postSolution
		{39CC82DB-F9FA-405D-914B-DC491F7408DB}.Debug|Any CPU.ActiveCfg = Debug|Any CPU
		{39CC82DB-F9FA-405D-914B-DC491F7408DB}.Debug|Any CPU.Build.0 = Debug|Any CPU
		{39CC82DB-F9FA-405D-914B-DC491F7408DB}.Debug|x86.ActiveCfg = Debug|Any CPU
		{39CC82DB-F9FA-405D-914B-DC491F7408DB}.Debug|x86.Build.0 = Debug|Any CPU
		{39CC82DB-F9FA-405D-914B-DC491F7408DB}.Release|Any CPU.ActiveCfg = Release|Any CPU
		{39CC82DB-F9FA-405D-914B-DC491F7408DB}.Release|Any CPU.Build.0 = Release|Any CPU
		{39CC82DB-F9FA-405D-914B-DC491F7408DB}.Release|x86.ActiveCfg = Release|Any CPU
		{39CC82DB-F9FA-405D-914B-DC491F7408DB}.Release|x86.Build.0 = Release|Any CPU
		{74275ABC-7ECB-4D67-AE1A-1BDBBE9D396E}.Debug|Any CPU.ActiveCfg = Debug|Any CPU
		{74275ABC-7ECB-4D67-AE1A-1BDBBE9D396E}.Debug|Any CPU.Build.0 = Debug|Any CPU
		{74275ABC-7ECB-4D67-AE1A-1BDBBE9D396E}.Debug|x86.ActiveCfg = Debug|Any CPU
		{74275ABC-7ECB-4D67-AE1A-1BDBBE9D396E}.Debug|x86.Build.0 = Debug|Any CPU
		{74275ABC-7ECB-4D67-AE1A-1BDBBE9D396E}.Release|Any CPU.ActiveCfg = Release|Any CPU
		{74275ABC-7ECB-4D67-AE1A-1BDBBE9D396E}.Release|Any CPU.Build.0 = Release|Any CPU
		{74275ABC-7ECB-4D67-AE1A-1BDBBE9D396E}.Release|x86.ActiveCfg = Release|Any CPU
		{74275ABC-7ECB-4D67-AE1A-1BDBBE9D396E}.Release|x86.Build.0 = Release|Any CPU
		{E1FB3417-036E-485B-ABF1-6ECC3124E6F9}.Debug|Any CPU.ActiveCfg = Debug|Any CPU
		{E1FB3417-036E-485B-ABF1-6ECC3124E6F9}.Debug|Any CPU.Build.0 = Debug|Any CPU
		{E1FB3417-036E-485B-ABF1-6ECC3124E6F9}.Debug|x86.ActiveCfg = Debug|Any CPU
		{E1FB3417-036E-485B-ABF1-6ECC3124E6F9}.Debug|x86.Build.0 = Debug|Any CPU
		{E1FB3417-036E-485B-ABF1-6ECC3124E6F9}.Release|Any CPU.ActiveCfg = Release|Any CPU
		{E1FB3417-036E-485B-ABF1-6ECC3124E6F9}.Release|Any CPU.Build.0 = Release|Any CPU
		{E1FB3417-036E-485B-ABF1-6ECC3124E6F9}.Release|x86.ActiveCfg = Release|Any CPU
		{E1FB3417-036E-485B-ABF1-6ECC3124E6F9}.Release|x86.Build.0 = Release|Any CPU
		{DEFF157F-C17E-4164-8FF5-581B373C397A}.Debug|Any CPU.ActiveCfg = Debug|Any CPU
		{DEFF157F-C17E-4164-8FF5-581B373C397A}.Debug|Any CPU.Build.0 = Debug|Any CPU
		{DEFF157F-C17E-4164-8FF5-581B373C397A}.Debug|x86.ActiveCfg = Debug|Any CPU
		{DEFF157F-C17E-4164-8FF5-581B373C397A}.Debug|x86.Build.0 = Debug|Any CPU
		{DEFF157F-C17E-4164-8FF5-581B373C397A}.Release|Any CPU.ActiveCfg = Release|Any CPU
		{DEFF157F-C17E-4164-8FF5-581B373C397A}.Release|Any CPU.Build.0 = Release|Any CPU
		{DEFF157F-C17E-4164-8FF5-581B373C397A}.Release|x86.ActiveCfg = Release|Any CPU
		{DEFF157F-C17E-4164-8FF5-581B373C397A}.Release|x86.Build.0 = Release|Any CPU
		{43E6F2AD-AA08-4ACA-9B76-A9DB63FA8F03}.Debug|Any CPU.ActiveCfg = Debug|Any CPU
		{43E6F2AD-AA08-4ACA-9B76-A9DB63FA8F03}.Debug|Any CPU.Build.0 = Debug|Any CPU
		{43E6F2AD-AA08-4ACA-9B76-A9DB63FA8F03}.Debug|x86.ActiveCfg = Debug|Any CPU
		{43E6F2AD-AA08-4ACA-9B76-A9DB63FA8F03}.Debug|x86.Build.0 = Debug|Any CPU
		{43E6F2AD-AA08-4ACA-9B76-A9DB63FA8F03}.Release|Any CPU.ActiveCfg = Release|Any CPU
		{43E6F2AD-AA08-4ACA-9B76-A9DB63FA8F03}.Release|Any CPU.Build.0 = Release|Any CPU
		{43E6F2AD-AA08-4ACA-9B76-A9DB63FA8F03}.Release|x86.ActiveCfg = Release|Any CPU
		{43E6F2AD-AA08-4ACA-9B76-A9DB63FA8F03}.Release|x86.Build.0 = Release|Any CPU
		{A79DF616-6858-4AD5-81AD-4DB80F94C673}.Debug|Any CPU.ActiveCfg = Debug|Any CPU
		{A79DF616-6858-4AD5-81AD-4DB80F94C673}.Debug|Any CPU.Build.0 = Debug|Any CPU
		{A79DF616-6858-4AD5-81AD-4DB80F94C673}.Debug|x86.ActiveCfg = Debug|Any CPU
		{A79DF616-6858-4AD5-81AD-4DB80F94C673}.Debug|x86.Build.0 = Debug|Any CPU
		{A79DF616-6858-4AD5-81AD-4DB80F94C673}.Release|Any CPU.ActiveCfg = Release|Any CPU
		{A79DF616-6858-4AD5-81AD-4DB80F94C673}.Release|Any CPU.Build.0 = Release|Any CPU
		{A79DF616-6858-4AD5-81AD-4DB80F94C673}.Release|x86.ActiveCfg = Release|Any CPU
		{A79DF616-6858-4AD5-81AD-4DB80F94C673}.Release|x86.Build.0 = Release|Any CPU
		{070A59ED-2E2E-4694-96F0-8FB60DCCD6CD}.Debug|Any CPU.ActiveCfg = Debug|Any CPU
		{070A59ED-2E2E-4694-96F0-8FB60DCCD6CD}.Debug|Any CPU.Build.0 = Debug|Any CPU
		{070A59ED-2E2E-4694-96F0-8FB60DCCD6CD}.Debug|x86.ActiveCfg = Debug|Any CPU
		{070A59ED-2E2E-4694-96F0-8FB60DCCD6CD}.Debug|x86.Build.0 = Debug|Any CPU
		{070A59ED-2E2E-4694-96F0-8FB60DCCD6CD}.Release|Any CPU.ActiveCfg = Release|Any CPU
		{070A59ED-2E2E-4694-96F0-8FB60DCCD6CD}.Release|Any CPU.Build.0 = Release|Any CPU
		{070A59ED-2E2E-4694-96F0-8FB60DCCD6CD}.Release|x86.ActiveCfg = Release|Any CPU
		{070A59ED-2E2E-4694-96F0-8FB60DCCD6CD}.Release|x86.Build.0 = Release|Any CPU
		{3D8F2427-ECB4-4B6F-A9C4-8D9BB278AE65}.Debug|Any CPU.ActiveCfg = Debug|Any CPU
		{3D8F2427-ECB4-4B6F-A9C4-8D9BB278AE65}.Debug|Any CPU.Build.0 = Debug|Any CPU
		{3D8F2427-ECB4-4B6F-A9C4-8D9BB278AE65}.Debug|x86.ActiveCfg = Debug|Any CPU
		{3D8F2427-ECB4-4B6F-A9C4-8D9BB278AE65}.Debug|x86.Build.0 = Debug|Any CPU
		{3D8F2427-ECB4-4B6F-A9C4-8D9BB278AE65}.Release|Any CPU.ActiveCfg = Release|Any CPU
		{3D8F2427-ECB4-4B6F-A9C4-8D9BB278AE65}.Release|Any CPU.Build.0 = Release|Any CPU
		{3D8F2427-ECB4-4B6F-A9C4-8D9BB278AE65}.Release|x86.ActiveCfg = Release|Any CPU
		{3D8F2427-ECB4-4B6F-A9C4-8D9BB278AE65}.Release|x86.Build.0 = Release|Any CPU
		{0C22B787-3680-4617-8C7B-19858B0BDDC8}.Debug|Any CPU.ActiveCfg = Debug|Any CPU
		{0C22B787-3680-4617-8C7B-19858B0BDDC8}.Debug|Any CPU.Build.0 = Debug|Any CPU
		{0C22B787-3680-4617-8C7B-19858B0BDDC8}.Debug|x86.ActiveCfg = Debug|Any CPU
		{0C22B787-3680-4617-8C7B-19858B0BDDC8}.Debug|x86.Build.0 = Debug|Any CPU
		{0C22B787-3680-4617-8C7B-19858B0BDDC8}.Release|Any CPU.ActiveCfg = Release|Any CPU
		{0C22B787-3680-4617-8C7B-19858B0BDDC8}.Release|Any CPU.Build.0 = Release|Any CPU
		{0C22B787-3680-4617-8C7B-19858B0BDDC8}.Release|x86.ActiveCfg = Release|Any CPU
		{0C22B787-3680-4617-8C7B-19858B0BDDC8}.Release|x86.Build.0 = Release|Any CPU
		{2FFAEC92-E58C-400C-8A02-87BA440826CB}.Debug|Any CPU.ActiveCfg = Debug|Any CPU
		{2FFAEC92-E58C-400C-8A02-87BA440826CB}.Debug|Any CPU.Build.0 = Debug|Any CPU
		{2FFAEC92-E58C-400C-8A02-87BA440826CB}.Debug|x86.ActiveCfg = Debug|Any CPU
		{2FFAEC92-E58C-400C-8A02-87BA440826CB}.Debug|x86.Build.0 = Debug|Any CPU
		{2FFAEC92-E58C-400C-8A02-87BA440826CB}.Release|Any CPU.ActiveCfg = Release|Any CPU
		{2FFAEC92-E58C-400C-8A02-87BA440826CB}.Release|Any CPU.Build.0 = Release|Any CPU
		{2FFAEC92-E58C-400C-8A02-87BA440826CB}.Release|x86.ActiveCfg = Release|Any CPU
		{2FFAEC92-E58C-400C-8A02-87BA440826CB}.Release|x86.Build.0 = Release|Any CPU
		{899CEFCD-75E1-4C81-B0C2-6158A9670EF0}.Debug|Any CPU.ActiveCfg = Debug|Any CPU
		{899CEFCD-75E1-4C81-B0C2-6158A9670EF0}.Debug|Any CPU.Build.0 = Debug|Any CPU
		{899CEFCD-75E1-4C81-B0C2-6158A9670EF0}.Debug|x86.ActiveCfg = Debug|Any CPU
		{899CEFCD-75E1-4C81-B0C2-6158A9670EF0}.Debug|x86.Build.0 = Debug|Any CPU
		{899CEFCD-75E1-4C81-B0C2-6158A9670EF0}.Release|Any CPU.ActiveCfg = Release|Any CPU
		{899CEFCD-75E1-4C81-B0C2-6158A9670EF0}.Release|Any CPU.Build.0 = Release|Any CPU
		{899CEFCD-75E1-4C81-B0C2-6158A9670EF0}.Release|x86.ActiveCfg = Release|Any CPU
		{899CEFCD-75E1-4C81-B0C2-6158A9670EF0}.Release|x86.Build.0 = Release|Any CPU
		{50476625-EB62-46E3-AEFA-70C10E9E5488}.Debug|Any CPU.ActiveCfg = Debug|x86
		{50476625-EB62-46E3-AEFA-70C10E9E5488}.Debug|x86.ActiveCfg = Debug|x86
		{50476625-EB62-46E3-AEFA-70C10E9E5488}.Debug|x86.Build.0 = Debug|x86
		{50476625-EB62-46E3-AEFA-70C10E9E5488}.Release|Any CPU.ActiveCfg = Release|x86
		{50476625-EB62-46E3-AEFA-70C10E9E5488}.Release|x86.ActiveCfg = Release|x86
		{50476625-EB62-46E3-AEFA-70C10E9E5488}.Release|x86.Build.0 = Release|x86
		{3FFA8F63-910E-44C2-A3B7-9212798AE932}.Debug|Any CPU.ActiveCfg = Debug|Any CPU
		{3FFA8F63-910E-44C2-A3B7-9212798AE932}.Debug|Any CPU.Build.0 = Debug|Any CPU
		{3FFA8F63-910E-44C2-A3B7-9212798AE932}.Debug|x86.ActiveCfg = Debug|Any CPU
		{3FFA8F63-910E-44C2-A3B7-9212798AE932}.Debug|x86.Build.0 = Debug|Any CPU
		{3FFA8F63-910E-44C2-A3B7-9212798AE932}.Release|Any CPU.ActiveCfg = Release|Any CPU
		{3FFA8F63-910E-44C2-A3B7-9212798AE932}.Release|Any CPU.Build.0 = Release|Any CPU
		{3FFA8F63-910E-44C2-A3B7-9212798AE932}.Release|x86.ActiveCfg = Release|Any CPU
		{3FFA8F63-910E-44C2-A3B7-9212798AE932}.Release|x86.Build.0 = Release|Any CPU
		{6886788E-1588-4B23-8A1F-0F956BB87F40}.Debug|Any CPU.ActiveCfg = Debug|Any CPU
		{6886788E-1588-4B23-8A1F-0F956BB87F40}.Debug|Any CPU.Build.0 = Debug|Any CPU
		{6886788E-1588-4B23-8A1F-0F956BB87F40}.Debug|x86.ActiveCfg = Debug|Any CPU
		{6886788E-1588-4B23-8A1F-0F956BB87F40}.Debug|x86.Build.0 = Debug|Any CPU
		{6886788E-1588-4B23-8A1F-0F956BB87F40}.Release|Any CPU.ActiveCfg = Release|Any CPU
		{6886788E-1588-4B23-8A1F-0F956BB87F40}.Release|Any CPU.Build.0 = Release|Any CPU
		{6886788E-1588-4B23-8A1F-0F956BB87F40}.Release|x86.ActiveCfg = Release|Any CPU
		{6886788E-1588-4B23-8A1F-0F956BB87F40}.Release|x86.Build.0 = Release|Any CPU
		{F3491445-D51F-4993-A72C-B9404B8465D2}.Debug|Any CPU.ActiveCfg = Debug|Any CPU
		{F3491445-D51F-4993-A72C-B9404B8465D2}.Debug|Any CPU.Build.0 = Debug|Any CPU
		{F3491445-D51F-4993-A72C-B9404B8465D2}.Debug|x86.ActiveCfg = Debug|Any CPU
		{F3491445-D51F-4993-A72C-B9404B8465D2}.Debug|x86.Build.0 = Debug|Any CPU
		{F3491445-D51F-4993-A72C-B9404B8465D2}.Release|Any CPU.ActiveCfg = Release|Any CPU
		{F3491445-D51F-4993-A72C-B9404B8465D2}.Release|Any CPU.Build.0 = Release|Any CPU
		{F3491445-D51F-4993-A72C-B9404B8465D2}.Release|x86.ActiveCfg = Release|Any CPU
		{F3491445-D51F-4993-A72C-B9404B8465D2}.Release|x86.Build.0 = Release|Any CPU
		{C5003FB6-B298-43E7-9373-B547D710D6FA}.Debug|Any CPU.ActiveCfg = Debug|Any CPU
		{C5003FB6-B298-43E7-9373-B547D710D6FA}.Debug|Any CPU.Build.0 = Debug|Any CPU
		{C5003FB6-B298-43E7-9373-B547D710D6FA}.Debug|x86.ActiveCfg = Debug|Any CPU
		{C5003FB6-B298-43E7-9373-B547D710D6FA}.Debug|x86.Build.0 = Debug|Any CPU
		{C5003FB6-B298-43E7-9373-B547D710D6FA}.Release|Any CPU.ActiveCfg = Release|Any CPU
		{C5003FB6-B298-43E7-9373-B547D710D6FA}.Release|Any CPU.Build.0 = Release|Any CPU
		{C5003FB6-B298-43E7-9373-B547D710D6FA}.Release|x86.ActiveCfg = Release|Any CPU
		{C5003FB6-B298-43E7-9373-B547D710D6FA}.Release|x86.Build.0 = Release|Any CPU
		{74C3BB6D-DAE2-4394-94B7-FA9646C1F9E8}.Debug|Any CPU.ActiveCfg = Debug|Any CPU
		{74C3BB6D-DAE2-4394-94B7-FA9646C1F9E8}.Debug|Any CPU.Build.0 = Debug|Any CPU
		{74C3BB6D-DAE2-4394-94B7-FA9646C1F9E8}.Debug|x86.ActiveCfg = Debug|Any CPU
		{74C3BB6D-DAE2-4394-94B7-FA9646C1F9E8}.Debug|x86.Build.0 = Debug|Any CPU
		{74C3BB6D-DAE2-4394-94B7-FA9646C1F9E8}.Release|Any CPU.ActiveCfg = Release|Any CPU
		{74C3BB6D-DAE2-4394-94B7-FA9646C1F9E8}.Release|Any CPU.Build.0 = Release|Any CPU
		{74C3BB6D-DAE2-4394-94B7-FA9646C1F9E8}.Release|x86.ActiveCfg = Release|Any CPU
		{74C3BB6D-DAE2-4394-94B7-FA9646C1F9E8}.Release|x86.Build.0 = Release|Any CPU
	EndGlobalSection
	GlobalSection(SolutionProperties) = preSolution
		HideSolutionNode = FALSE
	EndGlobalSection
	GlobalSection(NestedProjects) = preSolution
		{DEFF157F-C17E-4164-8FF5-581B373C397A} = {DC62B07E-986B-4266-B540-1BFB3A022EA3}
		{43E6F2AD-AA08-4ACA-9B76-A9DB63FA8F03} = {DC62B07E-986B-4266-B540-1BFB3A022EA3}
		{A79DF616-6858-4AD5-81AD-4DB80F94C673} = {DC62B07E-986B-4266-B540-1BFB3A022EA3}
		{F3491445-D51F-4993-A72C-B9404B8465D2} = {DC62B07E-986B-4266-B540-1BFB3A022EA3}
	EndGlobalSection
	GlobalSection(ExtensibilityGlobals) = postSolution
		SolutionGuid = {93E35E30-C940-4DC3-A97E-420198B4B929}
	EndGlobalSection
EndGlobal
